schema_version: "1.1"
contracts:
  - id: relay-gate-db
    type: rdb-schema
    scope:
      - execution_specs
      - slot_execution_specs
      - runner_result_events
      - runner_results
      - comparison_definitions
      - rapid_crosscheck_requests
      - rapid_crosscheck_results
      - final_crosscheck_requests
      - hang_detections
      - audit_logs
      - audit_chain_heads
    source_read: scope
    input: {path: "docs/specs/latest/_cross-cutting/datastore/rdb-schema.yaml", sha256: "2263ab3ba4d6f3fb6c522e4c13d8754674c95a93d4b06b71de07361ec3f4d009"}
    generated:
      - {dir: "packages/contracts/relay-gate-db", generator: "direct-from-yaml", audience: both, at: "2026-08-30T02:30:00+09:00"}
generated_at: "2026-08-30T02:30:00+09:00"
