schema_version: "1.1"
contracts:
  - id: relay-gate-db
    type: rdb-schema
    scope:
      - execution_specs
      - slot_execution_specs
      - runner_result_events
      - runner_results
      - comparison_definitions
      - rapid_crosscheck_requests
      - rapid_crosscheck_results
      - final_crosscheck_requests
      - hang_detections
      - audit_logs
      - audit_chain_heads
    source_read: scope
    input: {path: "docs/specs/latest/_cross-cutting/datastore/rdb-schema.yaml", sha256: "d6068bdd9e89906bab7216b7e0bf545c9c8e438f89c6a6ef0dd0a575c10b40f5"}
    generated:
      - {dir: "packages/contracts/relay-gate-db", generator: "direct-from-yaml", audience: both, at: "2026-08-22T06:48:12+09:00"}
generated_at: "2026-08-22T06:48:12+09:00"
